
Microsoft Visual Studio Solution File, Format Version 12.00
# Visual Studio 2013
VisualStudioVersion = 12.0.30501.0
MinimumVisualStudioVersion = 10.0.40219.1
Project("{2150E333-8FDC-42A3-9474-1A3956D46DE8}") = "0-Presentation", "0-Presentation", "{7164DAE2-39D6-4B87-8477-53B9529D93EB}"
EndProject
Project("{2150E333-8FDC-42A3-9474-1A3956D46DE8}") = "1-Domain", "1-Domain", "{8E57F322-2302-4B4A-A502-BDD342FB42C1}"
EndProject
Project("{2150E333-8FDC-42A3-9474-1A3956D46DE8}") = "2-Application", "2-Application", "{4E74A2A0-EA5B-40AE-B765-2211E694423B}"
EndProject
Project("{2150E333-8FDC-42A3-9474-1A3956D46DE8}") = "3-Services", "3-Services", "{32AC334E-F26B-4E3A-BE92-F4E81E335138}"
EndProject
Project("{2150E333-8FDC-42A3-9474-1A3956D46DE8}") = "4-Infra", "4-Infra", "{E59EA85B-B9C1-4BA7-A40E-90CF6A01F135}"
EndProject
Project("{2150E333-8FDC-42A3-9474-1A3956D46DE8}") = "4.1-Data", "4.1-Data", "{E833E7F0-E9A8-49D4-803C-B4246DAC0944}"
EndProject
Project("{2150E333-8FDC-42A3-9474-1A3956D46DE8}") = "4.2-CrossCuing", "4.2-CrossCuing", "{126F2A74-A80C-474D-97F2-ED665EEE29EA}"
EndProject
Project("{FAE04EC0-301F-11D3-BF4B-00C04F79EFBC}") = "Imobiliaria.MVC", "Imobiliaria.MVC\Imobiliaria.MVC.csproj", "{BFE74502-101E-44B8-9C6E-1A87D8AE5A95}"
EndProject
Project("{FAE04EC0-301F-11D3-BF4B-00C04F79EFBC}") = "Imobiliaria.Infra.Data", "Imobiliaria.Infra.Data\Imobiliaria.Infra.Data.csproj", "{C92EA904-0371-45AF-AF77-36ACE3F83E4F}"
EndProject
Project("{FAE04EC0-301F-11D3-BF4B-00C04F79EFBC}") = "Imobiliaria.Domain", "Imobiliaria.Domain\Imobiliaria.Domain.csproj", "{659725D1-1FCB-44EA-A589-61C9DC3219A6}"
EndProject
Global
	GlobalSection(SolutionConfigurationPlatforms) = preSolution
		Debug|Any CPU = Debug|Any CPU
		Release|Any CPU = Release|Any CPU
	EndGlobalSection
	GlobalSection(ProjectConfigurationPlatforms) = postSolution
		{BFE74502-101E-44B8-9C6E-1A87D8AE5A95}.Debug|Any CPU.ActiveCfg = Debug|Any CPU
		{BFE74502-101E-44B8-9C6E-1A87D8AE5A95}.Debug|Any CPU.Build.0 = Debug|Any CPU
		{BFE74502-101E-44B8-9C6E-1A87D8AE5A95}.Release|Any CPU.ActiveCfg = Release|Any CPU
		{BFE74502-101E-44B8-9C6E-1A87D8AE5A95}.Release|Any CPU.Build.0 = Release|Any CPU
		{C92EA904-0371-45AF-AF77-36ACE3F83E4F}.Debug|Any CPU.ActiveCfg = Debug|Any CPU
		{C92EA904-0371-45AF-AF77-36ACE3F83E4F}.Debug|Any CPU.Build.0 = Debug|Any CPU
		{C92EA904-0371-45AF-AF77-36ACE3F83E4F}.Release|Any CPU.ActiveCfg = Release|Any CPU
		{C92EA904-0371-45AF-AF77-36ACE3F83E4F}.Release|Any CPU.Build.0 = Release|Any CPU
		{659725D1-1FCB-44EA-A589-61C9DC3219A6}.Debug|Any CPU.ActiveCfg = Debug|Any CPU
		{659725D1-1FCB-44EA-A589-61C9DC3219A6}.Debug|Any CPU.Build.0 = Debug|Any CPU
		{659725D1-1FCB-44EA-A589-61C9DC3219A6}.Release|Any CPU.ActiveCfg = Release|Any CPU
		{659725D1-1FCB-44EA-A589-61C9DC3219A6}.Release|Any CPU.Build.0 = Release|Any CPU
	EndGlobalSection
	GlobalSection(SolutionProperties) = preSolution
		HideSolutionNode = FALSE
	EndGlobalSection
	GlobalSection(NestedProjects) = preSolution
		{E833E7F0-E9A8-49D4-803C-B4246DAC0944} = {E59EA85B-B9C1-4BA7-A40E-90CF6A01F135}
		{126F2A74-A80C-474D-97F2-ED665EEE29EA} = {E59EA85B-B9C1-4BA7-A40E-90CF6A01F135}
		{BFE74502-101E-44B8-9C6E-1A87D8AE5A95} = {7164DAE2-39D6-4B87-8477-53B9529D93EB}
		{C92EA904-0371-45AF-AF77-36ACE3F83E4F} = {E833E7F0-E9A8-49D4-803C-B4246DAC0944}
		{659725D1-1FCB-44EA-A589-61C9DC3219A6} = {8E57F322-2302-4B4A-A502-BDD342FB42C1}
	EndGlobalSection
EndGlobal
